# This file is generated by running "yarn install" inside your project.
# Manual changes might be lost - proceed with caution!

__metadata:
  version: 6
  cacheKey: 8

"@alloc/quick-lru@npm:^5.2.0":
  version: 5.2.0
  resolution: "@alloc/quick-lru@npm:5.2.0"
  checksum: bdc35758b552bcf045733ac047fb7f9a07c4678b944c641adfbd41f798b4b91fffd0fdc0df2578d9b0afc7b4d636aa6e110ead5d6281a2adc1ab90efd7f057f8
  languageName: node
  linkType: hard

"@emnapi/core@npm:^1.4.0, @emnapi/core@npm:^1.4.3":
  version: 1.4.3
  resolution: "@emnapi/core@npm:1.4.3"
  dependencies:
    "@emnapi/wasi-threads": 1.0.2
    tslib: ^2.4.0
  checksum: 1c757d380b3cecec637a2eccfb31b770b995060f695d1e15b29a86e2038909a24152947ef6e4b6586759e6716148ff17f40e51367d1b79c9a3e1b6812537bdf4
  languageName: node
  linkType: hard

"@emnapi/runtime@npm:^1.4.0, @emnapi/runtime@npm:^1.4.3":
  version: 1.4.3
  resolution: "@emnapi/runtime@npm:1.4.3"
  dependencies:
    tslib: ^2.4.0
  checksum: ff2074809638ed878e476ece370c6eae7e6257bf029a581bb7a290488d8f2a08c420a65988c7f03bfc6bb689218f0cd995d2f935bd182150b357fc2341142f4f
  languageName: node
  linkType: hard

"@emnapi/wasi-threads@npm:1.0.2, @emnapi/wasi-threads@npm:^1.0.2":
  version: 1.0.2
  resolution: "@emnapi/wasi-threads@npm:1.0.2"
  dependencies:
    tslib: ^2.4.0
  checksum: c289cd3d0e26f11de23429a4abc7f99927917c0871d5a22637cbb75170f2b58d3a42e80d76dea89d054e529f79e35cdc953324819a7f990305d0db2897fa5fab
  languageName: node
  linkType: hard

"@img/sharp-darwin-arm64@npm:0.34.1":
  version: 0.34.1
  resolution: "@img/sharp-darwin-arm64@npm:0.34.1"
  dependencies:
    "@img/sharp-libvips-darwin-arm64": 1.1.0
  dependenciesMeta:
    "@img/sharp-libvips-darwin-arm64":
      optional: true
  conditions: os=darwin & cpu=arm64
  languageName: node
  linkType: hard

"@img/sharp-darwin-x64@npm:0.34.1":
  version: 0.34.1
  resolution: "@img/sharp-darwin-x64@npm:0.34.1"
  dependencies:
    "@img/sharp-libvips-darwin-x64": 1.1.0
  dependenciesMeta:
    "@img/sharp-libvips-darwin-x64":
      optional: true
  conditions: os=darwin & cpu=x64
  languageName: node
  linkType: hard

"@img/sharp-libvips-darwin-arm64@npm:1.1.0":
  version: 1.1.0
  resolution: "@img/sharp-libvips-darwin-arm64@npm:1.1.0"
  conditions: os=darwin & cpu=arm64
  languageName: node
  linkType: hard

"@img/sharp-libvips-darwin-x64@npm:1.1.0":
  version: 1.1.0
  resolution: "@img/sharp-libvips-darwin-x64@npm:1.1.0"
  conditions: os=darwin & cpu=x64
  languageName: node
  linkType: hard

"@img/sharp-libvips-linux-arm64@npm:1.1.0":
  version: 1.1.0
  resolution: "@img/sharp-libvips-linux-arm64@npm:1.1.0"
  conditions: os=linux & cpu=arm64 & libc=glibc
  languageName: node
  linkType: hard

"@img/sharp-libvips-linux-arm@npm:1.1.0":
  version: 1.1.0
  resolution: "@img/sharp-libvips-linux-arm@npm:1.1.0"
  conditions: os=linux & cpu=arm & libc=glibc
  languageName: node
  linkType: hard

"@img/sharp-libvips-linux-ppc64@npm:1.1.0":
  version: 1.1.0
  resolution: "@img/sharp-libvips-linux-ppc64@npm:1.1.0"
  conditions: os=linux & cpu=ppc64 & libc=glibc
  languageName: node
  linkType: hard

"@img/sharp-libvips-linux-s390x@npm:1.1.0":
  version: 1.1.0
  resolution: "@img/sharp-libvips-linux-s390x@npm:1.1.0"
  conditions: os=linux & cpu=s390x & libc=glibc
  languageName: node
  linkType: hard

"@img/sharp-libvips-linux-x64@npm:1.1.0":
  version: 1.1.0
  resolution: "@img/sharp-libvips-linux-x64@npm:1.1.0"
  conditions: os=linux & cpu=x64 & libc=glibc
  languageName: node
  linkType: hard

"@img/sharp-libvips-linuxmusl-arm64@npm:1.1.0":
  version: 1.1.0
  resolution: "@img/sharp-libvips-linuxmusl-arm64@npm:1.1.0"
  conditions: os=linux & cpu=arm64 & libc=musl
  languageName: node
  linkType: hard

"@img/sharp-libvips-linuxmusl-x64@npm:1.1.0":
  version: 1.1.0
  resolution: "@img/sharp-libvips-linuxmusl-x64@npm:1.1.0"
  conditions: os=linux & cpu=x64 & libc=musl
  languageName: node
  linkType: hard

"@img/sharp-linux-arm64@npm:0.34.1":
  version: 0.34.1
  resolution: "@img/sharp-linux-arm64@npm:0.34.1"
  dependencies:
    "@img/sharp-libvips-linux-arm64": 1.1.0
  dependenciesMeta:
    "@img/sharp-libvips-linux-arm64":
      optional: true
  conditions: os=linux & cpu=arm64 & libc=glibc
  languageName: node
  linkType: hard

"@img/sharp-linux-arm@npm:0.34.1":
  version: 0.34.1
  resolution: "@img/sharp-linux-arm@npm:0.34.1"
  dependencies:
    "@img/sharp-libvips-linux-arm": 1.1.0
  dependenciesMeta:
    "@img/sharp-libvips-linux-arm":
      optional: true
  conditions: os=linux & cpu=arm & libc=glibc
  languageName: node
  linkType: hard

"@img/sharp-linux-s390x@npm:0.34.1":
  version: 0.34.1
  resolution: "@img/sharp-linux-s390x@npm:0.34.1"
  dependencies:
    "@img/sharp-libvips-linux-s390x": 1.1.0
  dependenciesMeta:
    "@img/sharp-libvips-linux-s390x":
      optional: true
  conditions: os=linux & cpu=s390x & libc=glibc
  languageName: node
  linkType: hard

"@img/sharp-linux-x64@npm:0.34.1":
  version: 0.34.1
  resolution: "@img/sharp-linux-x64@npm:0.34.1"
  dependencies:
    "@img/sharp-libvips-linux-x64": 1.1.0
  dependenciesMeta:
    "@img/sharp-libvips-linux-x64":
      optional: true
  conditions: os=linux & cpu=x64 & libc=glibc
  languageName: node
  linkType: hard

"@img/sharp-linuxmusl-arm64@npm:0.34.1":
  version: 0.34.1
  resolution: "@img/sharp-linuxmusl-arm64@npm:0.34.1"
  dependencies:
    "@img/sharp-libvips-linuxmusl-arm64": 1.1.0
  dependenciesMeta:
    "@img/sharp-libvips-linuxmusl-arm64":
      optional: true
  conditions: os=linux & cpu=arm64 & libc=musl
  languageName: node
  linkType: hard

"@img/sharp-linuxmusl-x64@npm:0.34.1":
  version: 0.34.1
  resolution: "@img/sharp-linuxmusl-x64@npm:0.34.1"
  dependencies:
    "@img/sharp-libvips-linuxmusl-x64": 1.1.0
  dependenciesMeta:
    "@img/sharp-libvips-linuxmusl-x64":
      optional: true
  conditions: os=linux & cpu=x64 & libc=musl
  languageName: node
  linkType: hard

"@img/sharp-wasm32@npm:0.34.1":
  version: 0.34.1
  resolution: "@img/sharp-wasm32@npm:0.34.1"
  dependencies:
    "@emnapi/runtime": ^1.4.0
  conditions: cpu=wasm32
  languageName: node
  linkType: hard

"@img/sharp-win32-ia32@npm:0.34.1":
  version: 0.34.1
  resolution: "@img/sharp-win32-ia32@npm:0.34.1"
  conditions: os=win32 & cpu=ia32
  languageName: node
  linkType: hard

"@img/sharp-win32-x64@npm:0.34.1":
  version: 0.34.1
  resolution: "@img/sharp-win32-x64@npm:0.34.1"
  conditions: os=win32 & cpu=x64
  languageName: node
  linkType: hard

"@napi-rs/wasm-runtime@npm:^0.2.9":
  version: 0.2.9
  resolution: "@napi-rs/wasm-runtime@npm:0.2.9"
  dependencies:
    "@emnapi/core": ^1.4.0
    "@emnapi/runtime": ^1.4.0
    "@tybys/wasm-util": ^0.9.0
  checksum: bffa375d960ebe5f0e98583f46a14bf4aaa086c2cce45582229b36eb0f5987d9dae1c184ebc218df504ffdd92a7169f73ac60697e6e2a2fc064277e3150a3764
  languageName: node
  linkType: hard

"@next/env@npm:15.3.1":
  version: 15.3.1
  resolution: "@next/env@npm:15.3.1"
  checksum: eb24d59257d0d171770b09ae28cd23b6944aecf4b39da85729a09c6604a2f7aaeb973b3ca7234a086ed9da732e3d622e013b113688487add6315e62414b58501
  languageName: node
  linkType: hard

"@next/swc-darwin-arm64@npm:15.3.1":
  version: 15.3.1
  resolution: "@next/swc-darwin-arm64@npm:15.3.1"
  conditions: os=darwin & cpu=arm64
  languageName: node
  linkType: hard

"@next/swc-darwin-x64@npm:15.3.1":
  version: 15.3.1
  resolution: "@next/swc-darwin-x64@npm:15.3.1"
  conditions: os=darwin & cpu=x64
  languageName: node
  linkType: hard

"@next/swc-linux-arm64-gnu@npm:15.3.1":
  version: 15.3.1
  resolution: "@next/swc-linux-arm64-gnu@npm:15.3.1"
  conditions: os=linux & cpu=arm64 & libc=glibc
  languageName: node
  linkType: hard

"@next/swc-linux-arm64-musl@npm:15.3.1":
  version: 15.3.1
  resolution: "@next/swc-linux-arm64-musl@npm:15.3.1"
  conditions: os=linux & cpu=arm64 & libc=musl
  languageName: node
  linkType: hard

"@next/swc-linux-x64-gnu@npm:15.3.1":
  version: 15.3.1
  resolution: "@next/swc-linux-x64-gnu@npm:15.3.1"
  conditions: os=linux & cpu=x64 & libc=glibc
  languageName: node
  linkType: hard

"@next/swc-linux-x64-musl@npm:15.3.1":
  version: 15.3.1
  resolution: "@next/swc-linux-x64-musl@npm:15.3.1"
  conditions: os=linux & cpu=x64 & libc=musl
  languageName: node
  linkType: hard

"@next/swc-win32-arm64-msvc@npm:15.3.1":
  version: 15.3.1
  resolution: "@next/swc-win32-arm64-msvc@npm:15.3.1"
  conditions: os=win32 & cpu=arm64
  languageName: node
  linkType: hard

"@next/swc-win32-x64-msvc@npm:15.3.1":
  version: 15.3.1
  resolution: "@next/swc-win32-x64-msvc@npm:15.3.1"
  conditions: os=win32 & cpu=x64
  languageName: node
  linkType: hard

"@swc/counter@npm:0.1.3":
  version: 0.1.3
  resolution: "@swc/counter@npm:0.1.3"
  checksum: df8f9cfba9904d3d60f511664c70d23bb323b3a0803ec9890f60133954173047ba9bdeabce28cd70ba89ccd3fd6c71c7b0bd58be85f611e1ffbe5d5c18616598
  languageName: node
  linkType: hard

"@swc/helpers@npm:0.5.15":
  version: 0.5.15
  resolution: "@swc/helpers@npm:0.5.15"
  dependencies:
    tslib: ^2.8.0
  checksum: 1a9e0dbb792b2d1e0c914d69c201dbc96af3a0e6e6e8cf5a7f7d6a5d7b0e8b762915cd4447acb6b040e2ecc1ed49822875a7239f99a2d63c96c3c3407fb6fccf
  languageName: node
  linkType: hard

"@tailwindcss/node@npm:4.1.5":
  version: 4.1.5
  resolution: "@tailwindcss/node@npm:4.1.5"
  dependencies:
    enhanced-resolve: ^5.18.1
    jiti: ^2.4.2
    lightningcss: 1.29.2
    tailwindcss: 4.1.5
  checksum: 4d0e91dd722e538cd848a26a09eaee92d63d4d255a7db3d434c6e81f68e9d04b7087a1b02e16c744b804056815ec264f594f5bc5e859b4d83c602c8f81f259d6
  languageName: node
  linkType: hard

"@tailwindcss/oxide-android-arm64@npm:4.1.5":
  version: 4.1.5
  resolution: "@tailwindcss/oxide-android-arm64@npm:4.1.5"
  conditions: os=android & cpu=arm64
  languageName: node
  linkType: hard

"@tailwindcss/oxide-darwin-arm64@npm:4.1.5":
  version: 4.1.5
  resolution: "@tailwindcss/oxide-darwin-arm64@npm:4.1.5"
  conditions: os=darwin & cpu=arm64
  languageName: node
  linkType: hard

"@tailwindcss/oxide-darwin-x64@npm:4.1.5":
  version: 4.1.5
  resolution: "@tailwindcss/oxide-darwin-x64@npm:4.1.5"
  conditions: os=darwin & cpu=x64
  languageName: node
  linkType: hard

"@tailwindcss/oxide-freebsd-x64@npm:4.1.5":
  version: 4.1.5
  resolution: "@tailwindcss/oxide-freebsd-x64@npm:4.1.5"
  conditions: os=freebsd & cpu=x64
  languageName: node
  linkType: hard

"@tailwindcss/oxide-linux-arm-gnueabihf@npm:4.1.5":
  version: 4.1.5
  resolution: "@tailwindcss/oxide-linux-arm-gnueabihf@npm:4.1.5"
  conditions: os=linux & cpu=arm
  languageName: node
  linkType: hard

"@tailwindcss/oxide-linux-arm64-gnu@npm:4.1.5":
  version: 4.1.5
  resolution: "@tailwindcss/oxide-linux-arm64-gnu@npm:4.1.5"
  conditions: os=linux & cpu=arm64 & libc=glibc
  languageName: node
  linkType: hard

"@tailwindcss/oxide-linux-arm64-musl@npm:4.1.5":
  version: 4.1.5
  resolution: "@tailwindcss/oxide-linux-arm64-musl@npm:4.1.5"
  conditions: os=linux & cpu=arm64 & libc=musl
  languageName: node
  linkType: hard

"@tailwindcss/oxide-linux-x64-gnu@npm:4.1.5":
  version: 4.1.5
  resolution: "@tailwindcss/oxide-linux-x64-gnu@npm:4.1.5"
  conditions: os=linux & cpu=x64 & libc=glibc
  languageName: node
  linkType: hard

"@tailwindcss/oxide-linux-x64-musl@npm:4.1.5":
  version: 4.1.5
  resolution: "@tailwindcss/oxide-linux-x64-musl@npm:4.1.5"
  conditions: os=linux & cpu=x64 & libc=musl
  languageName: node
  linkType: hard

"@tailwindcss/oxide-wasm32-wasi@npm:4.1.5":
  version: 4.1.5
  resolution: "@tailwindcss/oxide-wasm32-wasi@npm:4.1.5"
  dependencies:
    "@emnapi/core": ^1.4.3
    "@emnapi/runtime": ^1.4.3
    "@emnapi/wasi-threads": ^1.0.2
    "@napi-rs/wasm-runtime": ^0.2.9
    "@tybys/wasm-util": ^0.9.0
    tslib: ^2.8.0
  conditions: cpu=wasm32
  languageName: node
  linkType: hard

"@tailwindcss/oxide-win32-arm64-msvc@npm:4.1.5":
  version: 4.1.5
  resolution: "@tailwindcss/oxide-win32-arm64-msvc@npm:4.1.5"
  conditions: os=win32 & cpu=arm64
  languageName: node
  linkType: hard

"@tailwindcss/oxide-win32-x64-msvc@npm:4.1.5":
  version: 4.1.5
  resolution: "@tailwindcss/oxide-win32-x64-msvc@npm:4.1.5"
  conditions: os=win32 & cpu=x64
  languageName: node
  linkType: hard

"@tailwindcss/oxide@npm:4.1.5":
  version: 4.1.5
  resolution: "@tailwindcss/oxide@npm:4.1.5"
  dependencies:
    "@tailwindcss/oxide-android-arm64": 4.1.5
    "@tailwindcss/oxide-darwin-arm64": 4.1.5
    "@tailwindcss/oxide-darwin-x64": 4.1.5
    "@tailwindcss/oxide-freebsd-x64": 4.1.5
    "@tailwindcss/oxide-linux-arm-gnueabihf": 4.1.5
    "@tailwindcss/oxide-linux-arm64-gnu": 4.1.5
    "@tailwindcss/oxide-linux-arm64-musl": 4.1.5
    "@tailwindcss/oxide-linux-x64-gnu": 4.1.5
    "@tailwindcss/oxide-linux-x64-musl": 4.1.5
    "@tailwindcss/oxide-wasm32-wasi": 4.1.5
    "@tailwindcss/oxide-win32-arm64-msvc": 4.1.5
    "@tailwindcss/oxide-win32-x64-msvc": 4.1.5
  dependenciesMeta:
    "@tailwindcss/oxide-android-arm64":
      optional: true
    "@tailwindcss/oxide-darwin-arm64":
      optional: true
    "@tailwindcss/oxide-darwin-x64":
      optional: true
    "@tailwindcss/oxide-freebsd-x64":
      optional: true
    "@tailwindcss/oxide-linux-arm-gnueabihf":
      optional: true
    "@tailwindcss/oxide-linux-arm64-gnu":
      optional: true
    "@tailwindcss/oxide-linux-arm64-musl":
      optional: true
    "@tailwindcss/oxide-linux-x64-gnu":
      optional: true
    "@tailwindcss/oxide-linux-x64-musl":
      optional: true
    "@tailwindcss/oxide-wasm32-wasi":
      optional: true
    "@tailwindcss/oxide-win32-arm64-msvc":
      optional: true
    "@tailwindcss/oxide-win32-x64-msvc":
      optional: true
  checksum: c04a3df8595910f05485546c8b52ae27bec37acad0b0b6a8156c7cfc0760e1b008aa8f4fb843fa77142b97c0d134d32eb9794bbda5e2da784fd66bda9082591e
  languageName: node
  linkType: hard

"@tailwindcss/postcss@npm:^4":
  version: 4.1.5
  resolution: "@tailwindcss/postcss@npm:4.1.5"
  dependencies:
    "@alloc/quick-lru": ^5.2.0
    "@tailwindcss/node": 4.1.5
    "@tailwindcss/oxide": 4.1.5
    postcss: ^8.4.41
    tailwindcss: 4.1.5
  checksum: 82bb389c15ababf281c0969a2731cd2f87cbb61e0249c4504ae64c22abea0bd50fc853d0a161d3b75cb5b4a127d1ff0c1ea187125e1c6dd86dd2d5aa14ca72d8
  languageName: node
  linkType: hard

"@tybys/wasm-util@npm:^0.9.0":
  version: 0.9.0
  resolution: "@tybys/wasm-util@npm:0.9.0"
  dependencies:
    tslib: ^2.4.0
  checksum: 8d44c64e64e39c746e45b5dff7b534716f20e1f6e8fc206f8e4c8ac454ec0eb35b65646e446dd80745bc898db37a4eca549a936766d447c2158c9c43d44e7708
  languageName: node
  linkType: hard

"@types/node@npm:^20":
  version: 20.17.42
  resolution: "@types/node@npm:20.17.42"
  dependencies:
    undici-types: ~6.19.2
  checksum: cced032af94201a331716bc1dffdd55bd8253a3e8e0c5452702e8b6b81d240d60f374ca68f144a8184843e9f3a177513a0dee0c44ebcb6c669efc96c2d71d1d4
  languageName: node
  linkType: hard

"@types/react-dom@npm:^19":
  version: 19.1.3
  resolution: "@types/react-dom@npm:19.1.3"
  peerDependencies:
    "@types/react": ^19.0.0
  checksum: 3cde94c87a053978e6d4b0ad2d13aedec236aaa3caf3477f28a5f0d0d8806ce20bd6b1825e0128be011d700de578b93049f10627f21ec61589009bf39495d808
  languageName: node
  linkType: hard

"@types/react@npm:^19":
  version: 19.1.3
  resolution: "@types/react@npm:19.1.3"
  dependencies:
    csstype: ^3.0.2
  checksum: a2c246d95fb55b0f1ff781cae0764b61194a0073eb5dfacf222f6bac9b6f1d38948f088828d0be9373d201b130d1dfaf984013af81f1b2217030f6f335819c79
  languageName: node
  linkType: hard

"basicrum-website@workspace:.":
  version: 0.0.0-use.local
  resolution: "basicrum-website@workspace:."
  dependencies:
    "@tailwindcss/postcss": ^4
    "@types/node": ^20
    "@types/react": ^19
    "@types/react-dom": ^19
    next: 15.3.1
    react: ^19.0.0
    react-dom: ^19.0.0
    tailwindcss: ^4
    typescript: ^5
  languageName: unknown
  linkType: soft

"busboy@npm:1.6.0":
  version: 1.6.0
  resolution: "busboy@npm:1.6.0"
  dependencies:
    streamsearch: ^1.1.0
  checksum: 32801e2c0164e12106bf236291a00795c3c4e4b709ae02132883fe8478ba2ae23743b11c5735a0aae8afe65ac4b6ca4568b91f0d9fed1fdbc32ede824a73746e
  languageName: node
  linkType: hard

"caniuse-lite@npm:^1.0.30001579":
  version: 1.0.30001717
  resolution: "caniuse-lite@npm:1.0.30001717"
  checksum: 357fbb230d86d28c0f7005d0c19a2274059ad4f1ed419ebe8754737ec908b567c9745abf0d16eda93417f40913221adc6290eb2f0432bc5bb5364f95bd7eabfa
  languageName: node
  linkType: hard

"client-only@npm:0.0.1":
  version: 0.0.1
  resolution: "client-only@npm:0.0.1"
  checksum: 0c16bf660dadb90610553c1d8946a7fdfb81d624adea073b8440b7d795d5b5b08beb3c950c6a2cf16279365a3265158a236876d92bce16423c485c322d7dfaf8
  languageName: node
  linkType: hard

"color-convert@npm:^2.0.1":
  version: 2.0.1
  resolution: "color-convert@npm:2.0.1"
  dependencies:
    color-name: ~1.1.4
  checksum: 79e6bdb9fd479a205c71d89574fccfb22bd9053bd98c6c4d870d65c132e5e904e6034978e55b43d69fcaa7433af2016ee203ce76eeba9cfa554b373e7f7db336
  languageName: node
  linkType: hard

"color-name@npm:^1.0.0, color-name@npm:~1.1.4":
  version: 1.1.4
  resolution: "color-name@npm:1.1.4"
  checksum: b0445859521eb4021cd0fb0cc1a75cecf67fceecae89b63f62b201cca8d345baf8b952c966862a9d9a2632987d4f6581f0ec8d957dfacece86f0a7919316f610
  languageName: node
  linkType: hard

"color-string@npm:^1.9.0":
  version: 1.9.1
  resolution: "color-string@npm:1.9.1"
  dependencies:
    color-name: ^1.0.0
    simple-swizzle: ^0.2.2
  checksum: c13fe7cff7885f603f49105827d621ce87f4571d78ba28ef4a3f1a104304748f620615e6bf065ecd2145d0d9dad83a3553f52bb25ede7239d18e9f81622f1cc5
  languageName: node
  linkType: hard

"color@npm:^4.2.3":
  version: 4.2.3
  resolution: "color@npm:4.2.3"
  dependencies:
    color-convert: ^2.0.1
    color-string: ^1.9.0
  checksum: 0579629c02c631b426780038da929cca8e8d80a40158b09811a0112a107c62e10e4aad719843b791b1e658ab4e800558f2e87ca4522c8b32349d497ecb6adeb4
  languageName: node
  linkType: hard

"csstype@npm:^3.0.2":
  version: 3.1.3
  resolution: "csstype@npm:3.1.3"
  checksum: 8db785cc92d259102725b3c694ec0c823f5619a84741b5c7991b8ad135dfaa66093038a1cc63e03361a6cd28d122be48f2106ae72334e067dd619a51f49eddf7
  languageName: node
  linkType: hard

"detect-libc@npm:^2.0.3":
  version: 2.0.4
  resolution: "detect-libc@npm:2.0.4"
  checksum: 3d186b7d4e16965e10e21db596c78a4e131f9eee69c0081d13b85e6a61d7448d3ba23fe7997648022bdfa3b0eb4cc3c289a44c8188df949445a20852689abef6
  languageName: node
  linkType: hard

"enhanced-resolve@npm:^5.18.1":
  version: 5.18.1
  resolution: "enhanced-resolve@npm:5.18.1"
  dependencies:
    graceful-fs: ^4.2.4
    tapable: ^2.2.0
  checksum: de5bea7debe3576e78173bcc409c4aee7fcb56580c602d5c47c533b92952e55d7da3d9f53b864846ba62c8bd3efb0f9ecfe5f865e57de2f3e9b6e5cda03b4e7e
  languageName: node
  linkType: hard

"graceful-fs@npm:^4.2.4":
  version: 4.2.11
  resolution: "graceful-fs@npm:4.2.11"
  checksum: ac85f94da92d8eb6b7f5a8b20ce65e43d66761c55ce85ac96df6865308390da45a8d3f0296dd3a663de65d30ba497bd46c696cc1e248c72b13d6d567138a4fc7
  languageName: node
  linkType: hard

"is-arrayish@npm:^0.3.1":
  version: 0.3.2
  resolution: "is-arrayish@npm:0.3.2"
  checksum: 977e64f54d91c8f169b59afcd80ff19227e9f5c791fa28fa2e5bce355cbaf6c2c356711b734656e80c9dd4a854dd7efcf7894402f1031dfc5de5d620775b4d5f
  languageName: node
  linkType: hard

"jiti@npm:^2.4.2":
  version: 2.4.2
  resolution: "jiti@npm:2.4.2"
  bin:
    jiti: lib/jiti-cli.mjs
  checksum: c6c30c7b6b293e9f26addfb332b63d964a9f143cdd2cf5e946dbe5143db89f7c1b50ad9223b77fb1f6ddb0b9c5ecef995fea024ecf7d2861d285d779cde66e1e
  languageName: node
  linkType: hard

"lightningcss-darwin-arm64@npm:1.29.2":
  version: 1.29.2
  resolution: "lightningcss-darwin-arm64@npm:1.29.2"
  conditions: os=darwin & cpu=arm64
  languageName: node
  linkType: hard

"lightningcss-darwin-x64@npm:1.29.2":
  version: 1.29.2
  resolution: "lightningcss-darwin-x64@npm:1.29.2"
  conditions: os=darwin & cpu=x64
  languageName: node
  linkType: hard

"lightningcss-freebsd-x64@npm:1.29.2":
  version: 1.29.2
  resolution: "lightningcss-freebsd-x64@npm:1.29.2"
  conditions: os=freebsd & cpu=x64
  languageName: node
  linkType: hard

"lightningcss-linux-arm-gnueabihf@npm:1.29.2":
  version: 1.29.2
  resolution: "lightningcss-linux-arm-gnueabihf@npm:1.29.2"
  conditions: os=linux & cpu=arm
  languageName: node
  linkType: hard

"lightningcss-linux-arm64-gnu@npm:1.29.2":
  version: 1.29.2
  resolution: "lightningcss-linux-arm64-gnu@npm:1.29.2"
  conditions: os=linux & cpu=arm64 & libc=glibc
  languageName: node
  linkType: hard

"lightningcss-linux-arm64-musl@npm:1.29.2":
  version: 1.29.2
  resolution: "lightningcss-linux-arm64-musl@npm:1.29.2"
  conditions: os=linux & cpu=arm64 & libc=musl
  languageName: node
  linkType: hard

"lightningcss-linux-x64-gnu@npm:1.29.2":
  version: 1.29.2
  resolution: "lightningcss-linux-x64-gnu@npm:1.29.2"
  conditions: os=linux & cpu=x64 & libc=glibc
  languageName: node
  linkType: hard

"lightningcss-linux-x64-musl@npm:1.29.2":
  version: 1.29.2
  resolution: "lightningcss-linux-x64-musl@npm:1.29.2"
  conditions: os=linux & cpu=x64 & libc=musl
  languageName: node
  linkType: hard

"lightningcss-win32-arm64-msvc@npm:1.29.2":
  version: 1.29.2
  resolution: "lightningcss-win32-arm64-msvc@npm:1.29.2"
  conditions: os=win32 & cpu=arm64
  languageName: node
  linkType: hard

"lightningcss-win32-x64-msvc@npm:1.29.2":
  version: 1.29.2
  resolution: "lightningcss-win32-x64-msvc@npm:1.29.2"
  conditions: os=win32 & cpu=x64
  languageName: node
  linkType: hard

"lightningcss@npm:1.29.2":
  version: 1.29.2
  resolution: "lightningcss@npm:1.29.2"
  dependencies:
    detect-libc: ^2.0.3
    lightningcss-darwin-arm64: 1.29.2
    lightningcss-darwin-x64: 1.29.2
    lightningcss-freebsd-x64: 1.29.2
    lightningcss-linux-arm-gnueabihf: 1.29.2
    lightningcss-linux-arm64-gnu: 1.29.2
    lightningcss-linux-arm64-musl: 1.29.2
    lightningcss-linux-x64-gnu: 1.29.2
    lightningcss-linux-x64-musl: 1.29.2
    lightningcss-win32-arm64-msvc: 1.29.2
    lightningcss-win32-x64-msvc: 1.29.2
  dependenciesMeta:
    lightningcss-darwin-arm64:
      optional: true
    lightningcss-darwin-x64:
      optional: true
    lightningcss-freebsd-x64:
      optional: true
    lightningcss-linux-arm-gnueabihf:
      optional: true
    lightningcss-linux-arm64-gnu:
      optional: true
    lightningcss-linux-arm64-musl:
      optional: true
    lightningcss-linux-x64-gnu:
      optional: true
    lightningcss-linux-x64-musl:
      optional: true
    lightningcss-win32-arm64-msvc:
      optional: true
    lightningcss-win32-x64-msvc:
      optional: true
  checksum: 50ff82c0b49dbead844d9af2406974a66a8b40762dbada22bec6f6a516f15c58b63b6d42866cfc83877c58bc4fa0028ecf394553e793db9e8bda8f71f50c865f
  languageName: node
  linkType: hard

"nanoid@npm:^3.3.6, nanoid@npm:^3.3.8":
  version: 3.3.11
  resolution: "nanoid@npm:3.3.11"
  bin:
    nanoid: bin/nanoid.cjs
  checksum: 3be20d8866a57a6b6d218e82549711c8352ed969f9ab3c45379da28f405363ad4c9aeb0b39e9abc101a529ca65a72ff9502b00bf74a912c4b64a9d62dfd26c29
  languageName: node
  linkType: hard

"next@npm:15.3.1":
  version: 15.3.1
  resolution: "next@npm:15.3.1"
  dependencies:
    "@next/env": 15.3.1
    "@next/swc-darwin-arm64": 15.3.1
    "@next/swc-darwin-x64": 15.3.1
    "@next/swc-linux-arm64-gnu": 15.3.1
    "@next/swc-linux-arm64-musl": 15.3.1
    "@next/swc-linux-x64-gnu": 15.3.1
    "@next/swc-linux-x64-musl": 15.3.1
    "@next/swc-win32-arm64-msvc": 15.3.1
    "@next/swc-win32-x64-msvc": 15.3.1
    "@swc/counter": 0.1.3
    "@swc/helpers": 0.5.15
    busboy: 1.6.0
    caniuse-lite: ^1.0.30001579
    postcss: 8.4.31
    sharp: ^0.34.1
    styled-jsx: 5.1.6
  peerDependencies:
    "@opentelemetry/api": ^1.1.0
    "@playwright/test": ^1.41.2
    babel-plugin-react-compiler: "*"
    react: ^18.2.0 || 19.0.0-rc-de68d2f4-20241204 || ^19.0.0
    react-dom: ^18.2.0 || 19.0.0-rc-de68d2f4-20241204 || ^19.0.0
    sass: ^1.3.0
  dependenciesMeta:
    "@next/swc-darwin-arm64":
      optional: true
    "@next/swc-darwin-x64":
      optional: true
    "@next/swc-linux-arm64-gnu":
      optional: true
    "@next/swc-linux-arm64-musl":
      optional: true
    "@next/swc-linux-x64-gnu":
      optional: true
    "@next/swc-linux-x64-musl":
      optional: true
    "@next/swc-win32-arm64-msvc":
      optional: true
    "@next/swc-win32-x64-msvc":
      optional: true
    sharp:
      optional: true
  peerDependenciesMeta:
    "@opentelemetry/api":
      optional: true
    "@playwright/test":
      optional: true
    babel-plugin-react-compiler:
      optional: true
    sass:
      optional: true
  bin:
    next: dist/bin/next
  checksum: c748e9f2657272b033aa559c42f3d99abe5cb7ae2e22d3a685e16f008aab1a23666b79178b33d1bf075e7663722cbbf3f726169b63e74f6d7a17d7b8a6e476fc
  languageName: node
  linkType: hard

"picocolors@npm:^1.0.0, picocolors@npm:^1.1.1":
  version: 1.1.1
  resolution: "picocolors@npm:1.1.1"
  checksum: e1cf46bf84886c79055fdfa9dcb3e4711ad259949e3565154b004b260cd356c5d54b31a1437ce9782624bf766272fe6b0154f5f0c744fb7af5d454d2b60db045
  languageName: node
  linkType: hard

"postcss@npm:8.4.31":
  version: 8.4.31
  resolution: "postcss@npm:8.4.31"
  dependencies:
    nanoid: ^3.3.6
    picocolors: ^1.0.0
    source-map-js: ^1.0.2
  checksum: 1d8611341b073143ad90486fcdfeab49edd243377b1f51834dc4f6d028e82ce5190e4f11bb2633276864503654fb7cab28e67abdc0fbf9d1f88cad4a0ff0beea
  languageName: node
  linkType: hard

"postcss@npm:^8.4.41":
  version: 8.5.3
  resolution: "postcss@npm:8.5.3"
  dependencies:
    nanoid: ^3.3.8
    picocolors: ^1.1.1
    source-map-js: ^1.2.1
  checksum: da574620eb84ff60e65e1d8fc6bd5ad87a19101a23d0aba113c653434161543918229a0f673d89efb3b6d4906287eb04b957310dbcf4cbebacad9d1312711461
  languageName: node
  linkType: hard

"react-dom@npm:^19.0.0":
  version: 19.1.0
  resolution: "react-dom@npm:19.1.0"
  dependencies:
    scheduler: ^0.26.0
  peerDependencies:
    react: ^19.1.0
  checksum: 1d154b6543467095ac269e61ca59db546f34ef76bcdeb90f2dad41d682cd210aae492e70c85010ed5d0a2caea225e9a55139ebc1a615ee85bf197d7f99678cdf
  languageName: node
  linkType: hard

"react@npm:^19.0.0":
  version: 19.1.0
  resolution: "react@npm:19.1.0"
  checksum: c0905f8cfb878b0543a5522727e5ed79c67c8111dc16ceee135b7fe19dce77b2c1c19293513061a8934e721292bfc1517e0487e262d1906f306bdf95fa54d02f
  languageName: node
  linkType: hard

"scheduler@npm:^0.26.0":
  version: 0.26.0
  resolution: "scheduler@npm:0.26.0"
  checksum: c63a9f1c0e5089b537231cff6c11f75455b5c8625ae09535c1d7cd0a1b0c77ceecdd9f1074e5e063da5d8dc11e73e8033dcac3361791088be08a6e60c0283ed9
  languageName: node
  linkType: hard

"semver@npm:^7.7.1":
  version: 7.7.1
  resolution: "semver@npm:7.7.1"
  bin:
    semver: bin/semver.js
  checksum: 586b825d36874007c9382d9e1ad8f93888d8670040add24a28e06a910aeebd673a2eb9e3bf169c6679d9245e66efb9057e0852e70d9daa6c27372aab1dda7104
  languageName: node
  linkType: hard

"sharp@npm:^0.34.1":
  version: 0.34.1
  resolution: "sharp@npm:0.34.1"
  dependencies:
    "@img/sharp-darwin-arm64": 0.34.1
    "@img/sharp-darwin-x64": 0.34.1
    "@img/sharp-libvips-darwin-arm64": 1.1.0
    "@img/sharp-libvips-darwin-x64": 1.1.0
    "@img/sharp-libvips-linux-arm": 1.1.0
    "@img/sharp-libvips-linux-arm64": 1.1.0
    "@img/sharp-libvips-linux-ppc64": 1.1.0
    "@img/sharp-libvips-linux-s390x": 1.1.0
    "@img/sharp-libvips-linux-x64": 1.1.0
    "@img/sharp-libvips-linuxmusl-arm64": 1.1.0
    "@img/sharp-libvips-linuxmusl-x64": 1.1.0
    "@img/sharp-linux-arm": 0.34.1
    "@img/sharp-linux-arm64": 0.34.1
    "@img/sharp-linux-s390x": 0.34.1
    "@img/sharp-linux-x64": 0.34.1
    "@img/sharp-linuxmusl-arm64": 0.34.1
    "@img/sharp-linuxmusl-x64": 0.34.1
    "@img/sharp-wasm32": 0.34.1
    "@img/sharp-win32-ia32": 0.34.1
    "@img/sharp-win32-x64": 0.34.1
    color: ^4.2.3
    detect-libc: ^2.0.3
    semver: ^7.7.1
  dependenciesMeta:
    "@img/sharp-darwin-arm64":
      optional: true
    "@img/sharp-darwin-x64":
      optional: true
    "@img/sharp-libvips-darwin-arm64":
      optional: true
    "@img/sharp-libvips-darwin-x64":
      optional: true
    "@img/sharp-libvips-linux-arm":
      optional: true
    "@img/sharp-libvips-linux-arm64":
      optional: true
    "@img/sharp-libvips-linux-ppc64":
      optional: true
    "@img/sharp-libvips-linux-s390x":
      optional: true
    "@img/sharp-libvips-linux-x64":
      optional: true
    "@img/sharp-libvips-linuxmusl-arm64":
      optional: true
    "@img/sharp-libvips-linuxmusl-x64":
      optional: true
    "@img/sharp-linux-arm":
      optional: true
    "@img/sharp-linux-arm64":
      optional: true
    "@img/sharp-linux-s390x":
      optional: true
    "@img/sharp-linux-x64":
      optional: true
    "@img/sharp-linuxmusl-arm64":
      optional: true
    "@img/sharp-linuxmusl-x64":
      optional: true
    "@img/sharp-wasm32":
      optional: true
    "@img/sharp-win32-ia32":
      optional: true
    "@img/sharp-win32-x64":
      optional: true
  checksum: ce2798a2d1a4e4fb9bae5642177e4681050897de8c2d6e1783c8c15d8a40cc0e22bf4ce91d1bf355afd133d16d7032fcfdfa2ed3305eab34b7f8de8f61175519
  languageName: node
  linkType: hard

"simple-swizzle@npm:^0.2.2":
  version: 0.2.2
  resolution: "simple-swizzle@npm:0.2.2"
  dependencies:
    is-arrayish: ^0.3.1
  checksum: a7f3f2ab5c76c4472d5c578df892e857323e452d9f392e1b5cf74b74db66e6294a1e1b8b390b519fa1b96b5b613f2a37db6cffef52c3f1f8f3c5ea64eb2d54c0
  languageName: node
  linkType: hard

"source-map-js@npm:^1.0.2, source-map-js@npm:^1.2.1":
  version: 1.2.1
  resolution: "source-map-js@npm:1.2.1"
  checksum: 4eb0cd997cdf228bc253bcaff9340afeb706176e64868ecd20efbe6efea931465f43955612346d6b7318789e5265bdc419bc7669c1cebe3db0eb255f57efa76b
  languageName: node
  linkType: hard

"streamsearch@npm:^1.1.0":
  version: 1.1.0
  resolution: "streamsearch@npm:1.1.0"
  checksum: 1cce16cea8405d7a233d32ca5e00a00169cc0e19fbc02aa839959985f267335d435c07f96e5e0edd0eadc6d39c98d5435fb5bbbdefc62c41834eadc5622ad942
  languageName: node
  linkType: hard

"styled-jsx@npm:5.1.6":
  version: 5.1.6
  resolution: "styled-jsx@npm:5.1.6"
  dependencies:
    client-only: 0.0.1
  peerDependencies:
    react: ">= 16.8.0 || 17.x.x || ^18.0.0-0 || ^19.0.0-0"
  peerDependenciesMeta:
    "@babel/core":
      optional: true
    babel-plugin-macros:
      optional: true
  checksum: 879ad68e3e81adcf4373038aaafe55f968294955593660e173fbf679204aff158c59966716a60b29af72dc88795cfb2c479b6d2c3c87b2b2d282f3e27cc66461
  languageName: node
  linkType: hard

"tailwindcss@npm:4.1.5, tailwindcss@npm:^4":
  version: 4.1.5
  resolution: "tailwindcss@npm:4.1.5"
  checksum: ad7ba1c3afe8a71b02fd1a463d4271db5051a009a858af8f748aa54d1689c5d4fd5ce781348912aecca1f708648b2528a4ea9ab9e3f773ee65980cec987f3f23
  languageName: node
  linkType: hard

"tapable@npm:^2.2.0":
  version: 2.2.1
  resolution: "tapable@npm:2.2.1"
  checksum: 3b7a1b4d86fa940aad46d9e73d1e8739335efd4c48322cb37d073eb6f80f5281889bf0320c6d8ffcfa1a0dd5bfdbd0f9d037e252ef972aca595330538aac4d51
  languageName: node
  linkType: hard

"tslib@npm:^2.4.0, tslib@npm:^2.8.0":
  version: 2.8.1
  resolution: "tslib@npm:2.8.1"
  checksum: e4aba30e632b8c8902b47587fd13345e2827fa639e7c3121074d5ee0880723282411a8838f830b55100cbe4517672f84a2472667d355b81e8af165a55dc6203a
  languageName: node
  linkType: hard

"typescript@npm:^5":
  version: 5.8.3
  resolution: "typescript@npm:5.8.3"
  bin:
    tsc: bin/tsc
    tsserver: bin/tsserver
  checksum: cb1d081c889a288b962d3c8ae18d337ad6ee88a8e81ae0103fa1fecbe923737f3ba1dbdb3e6d8b776c72bc73bfa6d8d850c0306eed1a51377d2fccdfd75d92c4
  languageName: node
  linkType: hard

"typescript@patch:typescript@^5#~builtin<compat/typescript>":
  version: 5.8.3
  resolution: "typescript@patch:typescript@npm%3A5.8.3#~builtin<compat/typescript>::version=5.8.3&hash=8c6c40"
  bin:
    tsc: bin/tsc
    tsserver: bin/tsserver
  checksum: 1b503525a88ff0ff5952e95870971c4fb2118c17364d60302c21935dedcd6c37e6a0a692f350892bafcef6f4a16d09073fe461158547978d2f16fbe4cb18581c
  languageName: node
  linkType: hard

"undici-types@npm:~6.19.2":
  version: 6.19.8
  resolution: "undici-types@npm:6.19.8"
  checksum: de51f1b447d22571cf155dfe14ff6d12c5bdaec237c765085b439c38ca8518fc360e88c70f99469162bf2e14188a7b0bcb06e1ed2dc031042b984b0bb9544017
  languageName: node
  linkType: hard
